
Microsoft Visual Studio Solution File, Format Version 12.00
# Visual Studio 2012
Project("{FAE04EC0-301F-11D3-BF4B-00C04F79EFBC}") = "minipack", "minipack\minipack.csproj", "{D0602C8F-6261-4D19-97AA-AC74929B416B}"
EndProject
Project("{FAE04EC0-301F-11D3-BF4B-00C04F79EFBC}") = "libminipack", "libminipack\libminipack.csproj", "{0798AC9D-F8DC-4A5D-A462-BC7786F8E925}"
EndProject
Global
	GlobalSection(SolutionConfigurationPlatforms) = preSolution
		Debug|x86 = Debug|x86
		Release|x86 = Release|x86
	EndGlobalSection
	GlobalSection(ProjectConfigurationPlatforms) = postSolution
		{0798AC9D-F8DC-4A5D-A462-BC7786F8E925}.Debug|x86.ActiveCfg = Debug|Any CPU
		{0798AC9D-F8DC-4A5D-A462-BC7786F8E925}.Debug|x86.Build.0 = Debug|Any CPU
		{0798AC9D-F8DC-4A5D-A462-BC7786F8E925}.Release|x86.ActiveCfg = Release|Any CPU
		{0798AC9D-F8DC-4A5D-A462-BC7786F8E925}.Release|x86.Build.0 = Release|Any CPU
		{D0602C8F-6261-4D19-97AA-AC74929B416B}.Debug|x86.ActiveCfg = Debug|x86
		{D0602C8F-6261-4D19-97AA-AC74929B416B}.Debug|x86.Build.0 = Debug|x86
		{D0602C8F-6261-4D19-97AA-AC74929B416B}.Release|x86.ActiveCfg = Release|x86
		{D0602C8F-6261-4D19-97AA-AC74929B416B}.Release|x86.Build.0 = Release|x86
	EndGlobalSection
EndGlobal
